
Microsoft Visual Studio Solution File, Format Version 12.00
# Visual Studio Version 16
VisualStudioVersion = 16.0.30225.117
MinimumVisualStudioVersion = 10.0.40219.1
Project("{FAE04EC0-301F-11D3-BF4B-00C04F79EFBC}") = "UartTools", "UartTools.csproj", "{4844F9F3-7965-4608-973E-019D18653690}"
EndProject
Global
	GlobalSection(SolutionConfigurationPlatforms) = preSolution
		Debug|Any CPU = Debug|Any CPU
		Release|Any CPU = Release|Any CPU
	EndGlobalSection
	GlobalSection(ProjectConfigurationPlatforms) = postSolution
		{4844F9F3-7965-4608-973E-019D18653690}.Debug|Any CPU.ActiveCfg = Debug|Any CPU
		{4844F9F3-7965-4608-973E-019D18653690}.Debug|Any CPU.Build.0 = Debug|Any CPU
		{4844F9F3-7965-4608-973E-019D18653690}.Release|Any CPU.ActiveCfg = Release|Any CPU
		{4844F9F3-7965-4608-973E-019D18653690}.Release|Any CPU.Build.0 = Release|Any CPU
	EndGlobalSection
	GlobalSection(SolutionProperties) = preSolution
		HideSolutionNode = FALSE
	EndGlobalSection
	GlobalSection(ExtensibilityGlobals) = postSolution
		SolutionGuid = {DBCBEE6A-3D13-45B4-905D-35C6FBD66A3E}
	EndGlobalSection
EndGlobal
